
Microsoft Visual Studio Solution File, Format Version 12.00
# Visual Studio Version 17
VisualStudioVersion = 17.4.33205.214
MinimumVisualStudioVersion = 10.0.40219.1
Project("{9A19103F-16F7-4668-BE54-9A1E7A4F7556}") = "Customers.Web.Api", "Customers.Web.Api\Customers.Web.Api.csproj", "{66DD2B39-2047-481E-B42B-C0CE589383DA}"
EndProject
Project("{FAE04EC0-301F-11D3-BF4B-00C04F79EFBC}") = "Customers.Web.Api.Tests.Unit", "Customers.Web.Api.Tests.Unit\Customers.Web.Api.Tests.Unit.csproj", "{E22EDDB6-9EEC-44D9-B740-F64388BB4629}"
EndProject
Global
	GlobalSection(SolutionConfigurationPlatforms) = preSolution
		Debug|Any CPU = Debug|Any CPU
		Release|Any CPU = Release|Any CPU
	EndGlobalSection
	GlobalSection(ProjectConfigurationPlatforms) = postSolution
		{66DD2B39-2047-481E-B42B-C0CE589383DA}.Debug|Any CPU.ActiveCfg = Debug|Any CPU
		{66DD2B39-2047-481E-B42B-C0CE589383DA}.Debug|Any CPU.Build.0 = Debug|Any CPU
		{66DD2B39-2047-481E-B42B-C0CE589383DA}.Release|Any CPU.ActiveCfg = Release|Any CPU
		{66DD2B39-2047-481E-B42B-C0CE589383DA}.Release|Any CPU.Build.0 = Release|Any CPU
		{E22EDDB6-9EEC-44D9-B740-F64388BB4629}.Debug|Any CPU.ActiveCfg = Debug|Any CPU
		{E22EDDB6-9EEC-44D9-B740-F64388BB4629}.Debug|Any CPU.Build.0 = Debug|Any CPU
		{E22EDDB6-9EEC-44D9-B740-F64388BB4629}.Release|Any CPU.ActiveCfg = Release|Any CPU
		{E22EDDB6-9EEC-44D9-B740-F64388BB4629}.Release|Any CPU.Build.0 = Release|Any CPU
	EndGlobalSection
	GlobalSection(SolutionProperties) = preSolution
		HideSolutionNode = FALSE
	EndGlobalSection
	GlobalSection(ExtensibilityGlobals) = postSolution
		SolutionGuid = {9E73944F-B48A-47FE-8ACE-39C5A55AF7C7}
	EndGlobalSection
EndGlobal
